
Microsoft Visual Studio Solution File, Format Version 12.00
# Visual Studio Version 16
VisualStudioVersion = 16.0.30320.27
MinimumVisualStudioVersion = 10.0.40219.1
Project("{FAE04EC0-301F-11D3-BF4B-00C04F79EFBC}") = "ERPProject", "ERPProject.csproj", "{5C21DE7D-9DF5-402C-A309-B331A2F9DF1A}"
EndProject
Global
	GlobalSection(SolutionConfigurationPlatforms) = preSolution
		Debug|Any CPU = Debug|Any CPU
		Release|Any CPU = Release|Any CPU
	EndGlobalSection
	GlobalSection(ProjectConfigurationPlatforms) = postSolution
		{5C21DE7D-9DF5-402C-A309-B331A2F9DF1A}.Debug|Any CPU.ActiveCfg = Debug|Any CPU
		{5C21DE7D-9DF5-402C-A309-B331A2F9DF1A}.Debug|Any CPU.Build.0 = Debug|Any CPU
		{5C21DE7D-9DF5-402C-A309-B331A2F9DF1A}.Release|Any CPU.ActiveCfg = Release|Any CPU
		{5C21DE7D-9DF5-402C-A309-B331A2F9DF1A}.Release|Any CPU.Build.0 = Release|Any CPU
	EndGlobalSection
	GlobalSection(SolutionProperties) = preSolution
		HideSolutionNode = FALSE
	EndGlobalSection
	GlobalSection(ExtensibilityGlobals) = postSolution
		SolutionGuid = {6D67C813-7993-4512-933D-B11E6206324B}
	EndGlobalSection
EndGlobal
